
Microsoft Visual Studio Solution File, Format Version 12.00
# Visual Studio Version 16
VisualStudioVersion = 16.0.31729.503
MinimumVisualStudioVersion = 10.0.40219.1
Project("{FAE04EC0-301F-11D3-BF4B-00C04F79EFBC}") = "DownloadMedia.Android", "DownloadMedia\DownloadMedia.Android\DownloadMedia.Android.csproj", "{9320CD6B-1AD6-411A-A74D-1919D1523082}"
EndProject
Project("{FAE04EC0-301F-11D3-BF4B-00C04F79EFBC}") = "DownloadMedia.iOS", "DownloadMedia\DownloadMedia.iOS\DownloadMedia.iOS.csproj", "{2D49E4CE-84FC-4202-8F4A-8C82DB113BF5}"
EndProject
Project("{FAE04EC0-301F-11D3-BF4B-00C04F79EFBC}") = "DownloadMedia", "DownloadMedia\DownloadMedia\DownloadMedia.csproj", "{7AD3EC4D-F076-4E5F-BE1E-19A369C1F242}"
EndProject
Project("{FAE04EC0-301F-11D3-BF4B-00C04F79EFBC}") = "BL", "BL\BL.csproj", "{95492023-5584-411C-8655-D2DBFCF4815C}"
EndProject
Global
	GlobalSection(SolutionConfigurationPlatforms) = preSolution
		Debug|Any CPU = Debug|Any CPU
		Debug|iPhone = Debug|iPhone
		Debug|iPhoneSimulator = Debug|iPhoneSimulator
		Release|Any CPU = Release|Any CPU
		Release|iPhone = Release|iPhone
		Release|iPhoneSimulator = Release|iPhoneSimulator
	EndGlobalSection
	GlobalSection(ProjectConfigurationPlatforms) = postSolution
		{9320CD6B-1AD6-411A-A74D-1919D1523082}.Debug|Any CPU.ActiveCfg = Debug|Any CPU
		{9320CD6B-1AD6-411A-A74D-1919D1523082}.Debug|Any CPU.Build.0 = Debug|Any CPU
		{9320CD6B-1AD6-411A-A74D-1919D1523082}.Debug|Any CPU.Deploy.0 = Debug|Any CPU
		{9320CD6B-1AD6-411A-A74D-1919D1523082}.Debug|iPhone.ActiveCfg = Debug|Any CPU
		{9320CD6B-1AD6-411A-A74D-1919D1523082}.Debug|iPhone.Build.0 = Debug|Any CPU
		{9320CD6B-1AD6-411A-A74D-1919D1523082}.Debug|iPhone.Deploy.0 = Debug|Any CPU
		{9320CD6B-1AD6-411A-A74D-1919D1523082}.Debug|iPhoneSimulator.ActiveCfg = Debug|Any CPU
		{9320CD6B-1AD6-411A-A74D-1919D1523082}.Debug|iPhoneSimulator.Build.0 = Debug|Any CPU
		{9320CD6B-1AD6-411A-A74D-1919D1523082}.Debug|iPhoneSimulator.Deploy.0 = Debug|Any CPU
		{9320CD6B-1AD6-411A-A74D-1919D1523082}.Release|Any CPU.ActiveCfg = Release|Any CPU
		{9320CD6B-1AD6-411A-A74D-1919D1523082}.Release|Any CPU.Build.0 = Release|Any CPU
		{9320CD6B-1AD6-411A-A74D-1919D1523082}.Release|Any CPU.Deploy.0 = Release|Any CPU
		{9320CD6B-1AD6-411A-A74D-1919D1523082}.Release|iPhone.ActiveCfg = Release|Any CPU
		{9320CD6B-1AD6-411A-A74D-1919D1523082}.Release|iPhone.Build.0 = Release|Any CPU
		{9320CD6B-1AD6-411A-A74D-1919D1523082}.Release|iPhone.Deploy.0 = Release|Any CPU
		{9320CD6B-1AD6-411A-A74D-1919D1523082}.Release|iPhoneSimulator.ActiveCfg = Release|Any CPU
		{9320CD6B-1AD6-411A-A74D-1919D1523082}.Release|iPhoneSimulator.Build.0 = Release|Any CPU
		{9320CD6B-1AD6-411A-A74D-1919D1523082}.Release|iPhoneSimulator.Deploy.0 = Release|Any CPU
		{2D49E4CE-84FC-4202-8F4A-8C82DB113BF5}.Debug|Any CPU.ActiveCfg = Debug|iPhone
		{2D49E4CE-84FC-4202-8F4A-8C82DB113BF5}.Debug|Any CPU.Build.0 = Debug|iPhone
		{2D49E4CE-84FC-4202-8F4A-8C82DB113BF5}.Debug|Any CPU.Deploy.0 = Debug|iPhone
		{2D49E4CE-84FC-4202-8F4A-8C82DB113BF5}.Debug|iPhone.ActiveCfg = Debug|iPhone
		{2D49E4CE-84FC-4202-8F4A-8C82DB113BF5}.Debug|iPhone.Build.0 = Debug|iPhone
		{2D49E4CE-84FC-4202-8F4A-8C82DB113BF5}.Debug|iPhone.Deploy.0 = Debug|iPhone
		{2D49E4CE-84FC-4202-8F4A-8C82DB113BF5}.Debug|iPhoneSimulator.ActiveCfg = Debug|iPhoneSimulator
		{2D49E4CE-84FC-4202-8F4A-8C82DB113BF5}.Debug|iPhoneSimulator.Build.0 = Debug|iPhoneSimulator
		{2D49E4CE-84FC-4202-8F4A-8C82DB113BF5}.Debug|iPhoneSimulator.Deploy.0 = Debug|iPhoneSimulator
		{2D49E4CE-84FC-4202-8F4A-8C82DB113BF5}.Release|Any CPU.ActiveCfg = Release|iPhoneSimulator
		{2D49E4CE-84FC-4202-8F4A-8C82DB113BF5}.Release|Any CPU.Build.0 = Release|iPhoneSimulator
		{2D49E4CE-84FC-4202-8F4A-8C82DB113BF5}.Release|Any CPU.Deploy.0 = Release|iPhoneSimulator
		{2D49E4CE-84FC-4202-8F4A-8C82DB113BF5}.Release|iPhone.ActiveCfg = Release|iPhone
		{2D49E4CE-84FC-4202-8F4A-8C82DB113BF5}.Release|iPhone.Build.0 = Release|iPhone
		{2D49E4CE-84FC-4202-8F4A-8C82DB113BF5}.Release|iPhone.Deploy.0 = Release|iPhone
		{2D49E4CE-84FC-4202-8F4A-8C82DB113BF5}.Release|iPhoneSimulator.ActiveCfg = Release|iPhoneSimulator
		{2D49E4CE-84FC-4202-8F4A-8C82DB113BF5}.Release|iPhoneSimulator.Build.0 = Release|iPhoneSimulator
		{2D49E4CE-84FC-4202-8F4A-8C82DB113BF5}.Release|iPhoneSimulator.Deploy.0 = Release|iPhoneSimulator
		{7AD3EC4D-F076-4E5F-BE1E-19A369C1F242}.Debug|Any CPU.ActiveCfg = Debug|Any CPU
		{7AD3EC4D-F076-4E5F-BE1E-19A369C1F242}.Debug|Any CPU.Build.0 = Debug|Any CPU
		{7AD3EC4D-F076-4E5F-BE1E-19A369C1F242}.Debug|Any CPU.Deploy.0 = Debug|Any CPU
		{7AD3EC4D-F076-4E5F-BE1E-19A369C1F242}.Debug|iPhone.ActiveCfg = Debug|Any CPU
		{7AD3EC4D-F076-4E5F-BE1E-19A369C1F242}.Debug|iPhone.Build.0 = Debug|Any CPU
		{7AD3EC4D-F076-4E5F-BE1E-19A369C1F242}.Debug|iPhone.Deploy.0 = Debug|Any CPU
		{7AD3EC4D-F076-4E5F-BE1E-19A369C1F242}.Debug|iPhoneSimulator.ActiveCfg = Debug|Any CPU
		{7AD3EC4D-F076-4E5F-BE1E-19A369C1F242}.Debug|iPhoneSimulator.Build.0 = Debug|Any CPU
		{7AD3EC4D-F076-4E5F-BE1E-19A369C1F242}.Debug|iPhoneSimulator.Deploy.0 = Debug|Any CPU
		{7AD3EC4D-F076-4E5F-BE1E-19A369C1F242}.Release|Any CPU.ActiveCfg = Release|Any CPU
		{7AD3EC4D-F076-4E5F-BE1E-19A369C1F242}.Release|Any CPU.Build.0 = Release|Any CPU
		{7AD3EC4D-F076-4E5F-BE1E-19A369C1F242}.Release|Any CPU.Deploy.0 = Release|Any CPU
		{7AD3EC4D-F076-4E5F-BE1E-19A369C1F242}.Release|iPhone.ActiveCfg = Release|Any CPU
		{7AD3EC4D-F076-4E5F-BE1E-19A369C1F242}.Release|iPhone.Build.0 = Release|Any CPU
		{7AD3EC4D-F076-4E5F-BE1E-19A369C1F242}.Release|iPhone.Deploy.0 = Release|Any CPU
		{7AD3EC4D-F076-4E5F-BE1E-19A369C1F242}.Release|iPhoneSimulator.ActiveCfg = Release|Any CPU
		{7AD3EC4D-F076-4E5F-BE1E-19A369C1F242}.Release|iPhoneSimulator.Build.0 = Release|Any CPU
		{7AD3EC4D-F076-4E5F-BE1E-19A369C1F242}.Release|iPhoneSimulator.Deploy.0 = Release|Any CPU
		{95492023-5584-411C-8655-D2DBFCF4815C}.Debug|Any CPU.ActiveCfg = Debug|Any CPU
		{95492023-5584-411C-8655-D2DBFCF4815C}.Debug|Any CPU.Build.0 = Debug|Any CPU
		{95492023-5584-411C-8655-D2DBFCF4815C}.Debug|iPhone.ActiveCfg = Debug|Any CPU
		{95492023-5584-411C-8655-D2DBFCF4815C}.Debug|iPhone.Build.0 = Debug|Any CPU
		{95492023-5584-411C-8655-D2DBFCF4815C}.Debug|iPhoneSimulator.ActiveCfg = Debug|Any CPU
		{95492023-5584-411C-8655-D2DBFCF4815C}.Debug|iPhoneSimulator.Build.0 = Debug|Any CPU
		{95492023-5584-411C-8655-D2DBFCF4815C}.Release|Any CPU.ActiveCfg = Release|Any CPU
		{95492023-5584-411C-8655-D2DBFCF4815C}.Release|Any CPU.Build.0 = Release|Any CPU
		{95492023-5584-411C-8655-D2DBFCF4815C}.Release|iPhone.ActiveCfg = Release|Any CPU
		{95492023-5584-411C-8655-D2DBFCF4815C}.Release|iPhone.Build.0 = Release|Any CPU
		{95492023-5584-411C-8655-D2DBFCF4815C}.Release|iPhoneSimulator.ActiveCfg = Release|Any CPU
		{95492023-5584-411C-8655-D2DBFCF4815C}.Release|iPhoneSimulator.Build.0 = Release|Any CPU
	EndGlobalSection
	GlobalSection(SolutionProperties) = preSolution
		HideSolutionNode = FALSE
	EndGlobalSection
	GlobalSection(ExtensibilityGlobals) = postSolution
		SolutionGuid = {1F6705AD-FBC2-4F4A-89FB-F9ED4104381B}
	EndGlobalSection
EndGlobal
